
Microsoft Visual Studio Solution File, Format Version 11.00
# Visual Studio 2010
Project("{FAE04EC0-301F-11D3-BF4B-00C04F79EFBC}") = "NewTakeContent", "NewTake\NewTakeContent\NewTakeContent.contentproj", "{35EEEC38-EFE4-47ED-A0F4-926DFD9D6FE2}"
EndProject
Project("{FAE04EC0-301F-11D3-BF4B-00C04F79EFBC}") = "NewTake", "NewTake\NewTake\NewTake.csproj", "{52F134D2-7243-4426-8330-D1DE1F6CAC7B}"
EndProject
Project("{FAE04EC0-301F-11D3-BF4B-00C04F79EFBC}") = "MonogameContentContent", "MonogameContent\MonogameContentContent\MonogameContentContent.contentproj", "{268D43AD-E77A-4A1D-BECC-E5D46D533B71}"
EndProject
Global
	GlobalSection(SolutionConfigurationPlatforms) = preSolution
		Android|Any CPU = Android|Any CPU
		Android|Mixed Platforms = Android|Mixed Platforms
		Android|x86 = Android|x86
		Android|Xbox 360 = Android|Xbox 360
		Android|Zune = Android|Zune
		Debug|Any CPU = Debug|Any CPU
		Debug|Mixed Platforms = Debug|Mixed Platforms
		Debug|x86 = Debug|x86
		Debug|Xbox 360 = Debug|Xbox 360
		Debug|Zune = Debug|Zune
		iOS|Any CPU = iOS|Any CPU
		iOS|Mixed Platforms = iOS|Mixed Platforms
		iOS|x86 = iOS|x86
		iOS|Xbox 360 = iOS|Xbox 360
		iOS|Zune = iOS|Zune
		Linux|Any CPU = Linux|Any CPU
		Linux|Mixed Platforms = Linux|Mixed Platforms
		Linux|x86 = Linux|x86
		Linux|Xbox 360 = Linux|Xbox 360
		Linux|Zune = Linux|Zune
		OSX|Any CPU = OSX|Any CPU
		OSX|Mixed Platforms = OSX|Mixed Platforms
		OSX|x86 = OSX|x86
		OSX|Xbox 360 = OSX|Xbox 360
		OSX|Zune = OSX|Zune
		PSM|Any CPU = PSM|Any CPU
		PSM|Mixed Platforms = PSM|Mixed Platforms
		PSM|x86 = PSM|x86
		PSM|Xbox 360 = PSM|Xbox 360
		PSM|Zune = PSM|Zune
		Release|Any CPU = Release|Any CPU
		Release|Mixed Platforms = Release|Mixed Platforms
		Release|x86 = Release|x86
		Release|Xbox 360 = Release|Xbox 360
		Release|Zune = Release|Zune
		Windows|Any CPU = Windows|Any CPU
		Windows|Mixed Platforms = Windows|Mixed Platforms
		Windows|x86 = Windows|x86
		Windows|Xbox 360 = Windows|Xbox 360
		Windows|Zune = Windows|Zune
		Windows8|Any CPU = Windows8|Any CPU
		Windows8|Mixed Platforms = Windows8|Mixed Platforms
		Windows8|x86 = Windows8|x86
		Windows8|Xbox 360 = Windows8|Xbox 360
		Windows8|Zune = Windows8|Zune
	EndGlobalSection
	GlobalSection(ProjectConfigurationPlatforms) = postSolution
		{35EEEC38-EFE4-47ED-A0F4-926DFD9D6FE2}.Android|Any CPU.ActiveCfg = Release|x86
		{35EEEC38-EFE4-47ED-A0F4-926DFD9D6FE2}.Android|Mixed Platforms.ActiveCfg = Release|x86
		{35EEEC38-EFE4-47ED-A0F4-926DFD9D6FE2}.Android|x86.ActiveCfg = Release|x86
		{35EEEC38-EFE4-47ED-A0F4-926DFD9D6FE2}.Android|Xbox 360.ActiveCfg = Release|x86
		{35EEEC38-EFE4-47ED-A0F4-926DFD9D6FE2}.Android|Zune.ActiveCfg = Release|x86
		{35EEEC38-EFE4-47ED-A0F4-926DFD9D6FE2}.Debug|Any CPU.ActiveCfg = Debug|x86
		{35EEEC38-EFE4-47ED-A0F4-926DFD9D6FE2}.Debug|Mixed Platforms.ActiveCfg = Debug|x86
		{35EEEC38-EFE4-47ED-A0F4-926DFD9D6FE2}.Debug|x86.ActiveCfg = Debug|x86
		{35EEEC38-EFE4-47ED-A0F4-926DFD9D6FE2}.Debug|Xbox 360.ActiveCfg = Debug|x86
		{35EEEC38-EFE4-47ED-A0F4-926DFD9D6FE2}.Debug|Zune.ActiveCfg = Debug|x86
		{35EEEC38-EFE4-47ED-A0F4-926DFD9D6FE2}.iOS|Any CPU.ActiveCfg = Release|x86
		{35EEEC38-EFE4-47ED-A0F4-926DFD9D6FE2}.iOS|Mixed Platforms.ActiveCfg = Release|x86
		{35EEEC38-EFE4-47ED-A0F4-926DFD9D6FE2}.iOS|x86.ActiveCfg = Release|x86
		{35EEEC38-EFE4-47ED-A0F4-926DFD9D6FE2}.iOS|Xbox 360.ActiveCfg = Release|x86
		{35EEEC38-EFE4-47ED-A0F4-926DFD9D6FE2}.iOS|Zune.ActiveCfg = Release|x86
		{35EEEC38-EFE4-47ED-A0F4-926DFD9D6FE2}.Linux|Any CPU.ActiveCfg = Release|x86
		{35EEEC38-EFE4-47ED-A0F4-926DFD9D6FE2}.Linux|Mixed Platforms.ActiveCfg = Release|x86
		{35EEEC38-EFE4-47ED-A0F4-926DFD9D6FE2}.Linux|x86.ActiveCfg = Release|x86
		{35EEEC38-EFE4-47ED-A0F4-926DFD9D6FE2}.Linux|Xbox 360.ActiveCfg = Release|x86
		{35EEEC38-EFE4-47ED-A0F4-926DFD9D6FE2}.Linux|Zune.ActiveCfg = Release|x86
		{35EEEC38-EFE4-47ED-A0F4-926DFD9D6FE2}.OSX|Any CPU.ActiveCfg = Release|x86
		{35EEEC38-EFE4-47ED-A0F4-926DFD9D6FE2}.OSX|Mixed Platforms.ActiveCfg = Release|x86
		{35EEEC38-EFE4-47ED-A0F4-926DFD9D6FE2}.OSX|x86.ActiveCfg = Release|x86
		{35EEEC38-EFE4-47ED-A0F4-926DFD9D6FE2}.OSX|Xbox 360.ActiveCfg = Release|x86
		{35EEEC38-EFE4-47ED-A0F4-926DFD9D6FE2}.OSX|Zune.ActiveCfg = Release|x86
		{35EEEC38-EFE4-47ED-A0F4-926DFD9D6FE2}.PSM|Any CPU.ActiveCfg = Release|x86
		{35EEEC38-EFE4-47ED-A0F4-926DFD9D6FE2}.PSM|Mixed Platforms.ActiveCfg = Release|x86
		{35EEEC38-EFE4-47ED-A0F4-926DFD9D6FE2}.PSM|x86.ActiveCfg = Release|x86
		{35EEEC38-EFE4-47ED-A0F4-926DFD9D6FE2}.PSM|Xbox 360.ActiveCfg = Release|x86
		{35EEEC38-EFE4-47ED-A0F4-926DFD9D6FE2}.PSM|Zune.ActiveCfg = Release|x86
		{35EEEC38-EFE4-47ED-A0F4-926DFD9D6FE2}.Release|Any CPU.ActiveCfg = Release|x86
		{35EEEC38-EFE4-47ED-A0F4-926DFD9D6FE2}.Release|Mixed Platforms.ActiveCfg = Release|x86
		{35EEEC38-EFE4-47ED-A0F4-926DFD9D6FE2}.Release|x86.ActiveCfg = Release|x86
		{35EEEC38-EFE4-47ED-A0F4-926DFD9D6FE2}.Release|Xbox 360.ActiveCfg = Release|x86
		{35EEEC38-EFE4-47ED-A0F4-926DFD9D6FE2}.Release|Zune.ActiveCfg = Release|x86
		{35EEEC38-EFE4-47ED-A0F4-926DFD9D6FE2}.Windows|Any CPU.ActiveCfg = Release|x86
		{35EEEC38-EFE4-47ED-A0F4-926DFD9D6FE2}.Windows|Mixed Platforms.ActiveCfg = Release|x86
		{35EEEC38-EFE4-47ED-A0F4-926DFD9D6FE2}.Windows|x86.ActiveCfg = Release|x86
		{35EEEC38-EFE4-47ED-A0F4-926DFD9D6FE2}.Windows|Xbox 360.ActiveCfg = Release|x86
		{35EEEC38-EFE4-47ED-A0F4-926DFD9D6FE2}.Windows|Zune.ActiveCfg = Release|x86
		{35EEEC38-EFE4-47ED-A0F4-926DFD9D6FE2}.Windows8|Any CPU.ActiveCfg = Release|x86
		{35EEEC38-EFE4-47ED-A0F4-926DFD9D6FE2}.Windows8|Mixed Platforms.ActiveCfg = Release|x86
		{35EEEC38-EFE4-47ED-A0F4-926DFD9D6FE2}.Windows8|x86.ActiveCfg = Release|x86
		{35EEEC38-EFE4-47ED-A0F4-926DFD9D6FE2}.Windows8|Xbox 360.ActiveCfg = Release|x86
		{35EEEC38-EFE4-47ED-A0F4-926DFD9D6FE2}.Windows8|Zune.ActiveCfg = Release|x86
		{52F134D2-7243-4426-8330-D1DE1F6CAC7B}.Android|Any CPU.ActiveCfg = Release|x86
		{52F134D2-7243-4426-8330-D1DE1F6CAC7B}.Android|Mixed Platforms.ActiveCfg = Release|x86
		{52F134D2-7243-4426-8330-D1DE1F6CAC7B}.Android|Mixed Platforms.Build.0 = Release|x86
		{52F134D2-7243-4426-8330-D1DE1F6CAC7B}.Android|x86.ActiveCfg = Release|x86
		{52F134D2-7243-4426-8330-D1DE1F6CAC7B}.Android|x86.Build.0 = Release|x86
		{52F134D2-7243-4426-8330-D1DE1F6CAC7B}.Android|Xbox 360.ActiveCfg = Release|x86
		{52F134D2-7243-4426-8330-D1DE1F6CAC7B}.Android|Zune.ActiveCfg = Release|x86
		{52F134D2-7243-4426-8330-D1DE1F6CAC7B}.Debug|Any CPU.ActiveCfg = Debug|x86
		{52F134D2-7243-4426-8330-D1DE1F6CAC7B}.Debug|Mixed Platforms.ActiveCfg = Debug|x86
		{52F134D2-7243-4426-8330-D1DE1F6CAC7B}.Debug|Mixed Platforms.Build.0 = Debug|x86
		{52F134D2-7243-4426-8330-D1DE1F6CAC7B}.Debug|x86.ActiveCfg = Debug|x86
		{52F134D2-7243-4426-8330-D1DE1F6CAC7B}.Debug|x86.Build.0 = Debug|x86
		{52F134D2-7243-4426-8330-D1DE1F6CAC7B}.Debug|Xbox 360.ActiveCfg = Debug|x86
		{52F134D2-7243-4426-8330-D1DE1F6CAC7B}.Debug|Zune.ActiveCfg = Debug|x86
		{52F134D2-7243-4426-8330-D1DE1F6CAC7B}.iOS|Any CPU.ActiveCfg = Release|x86
		{52F134D2-7243-4426-8330-D1DE1F6CAC7B}.iOS|Mixed Platforms.ActiveCfg = Release|x86
		{52F134D2-7243-4426-8330-D1DE1F6CAC7B}.iOS|Mixed Platforms.Build.0 = Release|x86
		{52F134D2-7243-4426-8330-D1DE1F6CAC7B}.iOS|x86.ActiveCfg = Release|x86
		{52F134D2-7243-4426-8330-D1DE1F6CAC7B}.iOS|x86.Build.0 = Release|x86
		{52F134D2-7243-4426-8330-D1DE1F6CAC7B}.iOS|Xbox 360.ActiveCfg = Release|x86
		{52F134D2-7243-4426-8330-D1DE1F6CAC7B}.iOS|Zune.ActiveCfg = Release|x86
		{52F134D2-7243-4426-8330-D1DE1F6CAC7B}.Linux|Any CPU.ActiveCfg = Release|x86
		{52F134D2-7243-4426-8330-D1DE1F6CAC7B}.Linux|Mixed Platforms.ActiveCfg = Release|x86
		{52F134D2-7243-4426-8330-D1DE1F6CAC7B}.Linux|Mixed Platforms.Build.0 = Release|x86
		{52F134D2-7243-4426-8330-D1DE1F6CAC7B}.Linux|x86.ActiveCfg = Release|x86
		{52F134D2-7243-4426-8330-D1DE1F6CAC7B}.Linux|x86.Build.0 = Release|x86
		{52F134D2-7243-4426-8330-D1DE1F6CAC7B}.Linux|Xbox 360.ActiveCfg = Release|x86
		{52F134D2-7243-4426-8330-D1DE1F6CAC7B}.Linux|Zune.ActiveCfg = Release|x86
		{52F134D2-7243-4426-8330-D1DE1F6CAC7B}.OSX|Any CPU.ActiveCfg = Release|x86
		{52F134D2-7243-4426-8330-D1DE1F6CAC7B}.OSX|Mixed Platforms.ActiveCfg = Release|x86
		{52F134D2-7243-4426-8330-D1DE1F6CAC7B}.OSX|Mixed Platforms.Build.0 = Release|x86
		{52F134D2-7243-4426-8330-D1DE1F6CAC7B}.OSX|x86.ActiveCfg = Release|x86
		{52F134D2-7243-4426-8330-D1DE1F6CAC7B}.OSX|x86.Build.0 = Release|x86
		{52F134D2-7243-4426-8330-D1DE1F6CAC7B}.OSX|Xbox 360.ActiveCfg = Release|x86
		{52F134D2-7243-4426-8330-D1DE1F6CAC7B}.OSX|Zune.ActiveCfg = Release|x86
		{52F134D2-7243-4426-8330-D1DE1F6CAC7B}.PSM|Any CPU.ActiveCfg = Release|x86
		{52F134D2-7243-4426-8330-D1DE1F6CAC7B}.PSM|Mixed Platforms.ActiveCfg = Release|x86
		{52F134D2-7243-4426-8330-D1DE1F6CAC7B}.PSM|Mixed Platforms.Build.0 = Release|x86
		{52F134D2-7243-4426-8330-D1DE1F6CAC7B}.PSM|x86.ActiveCfg = Release|x86
		{52F134D2-7243-4426-8330-D1DE1F6CAC7B}.PSM|x86.Build.0 = Release|x86
		{52F134D2-7243-4426-8330-D1DE1F6CAC7B}.PSM|Xbox 360.ActiveCfg = Release|x86
		{52F134D2-7243-4426-8330-D1DE1F6CAC7B}.PSM|Zune.ActiveCfg = Release|x86
		{52F134D2-7243-4426-8330-D1DE1F6CAC7B}.Release|Any CPU.ActiveCfg = Release|x86
		{52F134D2-7243-4426-8330-D1DE1F6CAC7B}.Release|Mixed Platforms.ActiveCfg = Release|x86
		{52F134D2-7243-4426-8330-D1DE1F6CAC7B}.Release|Mixed Platforms.Build.0 = Release|x86
		{52F134D2-7243-4426-8330-D1DE1F6CAC7B}.Release|x86.ActiveCfg = Release|x86
		{52F134D2-7243-4426-8330-D1DE1F6CAC7B}.Release|x86.Build.0 = Release|x86
		{52F134D2-7243-4426-8330-D1DE1F6CAC7B}.Release|Xbox 360.ActiveCfg = Release|x86
		{52F134D2-7243-4426-8330-D1DE1F6CAC7B}.Release|Zune.ActiveCfg = Release|x86
		{52F134D2-7243-4426-8330-D1DE1F6CAC7B}.Windows|Any CPU.ActiveCfg = Release|x86
		{52F134D2-7243-4426-8330-D1DE1F6CAC7B}.Windows|Mixed Platforms.ActiveCfg = Release|x86
		{52F134D2-7243-4426-8330-D1DE1F6CAC7B}.Windows|Mixed Platforms.Build.0 = Release|x86
		{52F134D2-7243-4426-8330-D1DE1F6CAC7B}.Windows|x86.ActiveCfg = Release|x86
		{52F134D2-7243-4426-8330-D1DE1F6CAC7B}.Windows|x86.Build.0 = Release|x86
		{52F134D2-7243-4426-8330-D1DE1F6CAC7B}.Windows|Xbox 360.ActiveCfg = Release|x86
		{52F134D2-7243-4426-8330-D1DE1F6CAC7B}.Windows|Zune.ActiveCfg = Release|x86
		{52F134D2-7243-4426-8330-D1DE1F6CAC7B}.Windows8|Any CPU.ActiveCfg = Release|x86
		{52F134D2-7243-4426-8330-D1DE1F6CAC7B}.Windows8|Mixed Platforms.ActiveCfg = Release|x86
		{52F134D2-7243-4426-8330-D1DE1F6CAC7B}.Windows8|Mixed Platforms.Build.0 = Release|x86
		{52F134D2-7243-4426-8330-D1DE1F6CAC7B}.Windows8|x86.ActiveCfg = Release|x86
		{52F134D2-7243-4426-8330-D1DE1F6CAC7B}.Windows8|x86.Build.0 = Release|x86
		{52F134D2-7243-4426-8330-D1DE1F6CAC7B}.Windows8|Xbox 360.ActiveCfg = Release|x86
		{52F134D2-7243-4426-8330-D1DE1F6CAC7B}.Windows8|Zune.ActiveCfg = Release|x86
		{268D43AD-E77A-4A1D-BECC-E5D46D533B71}.Android|Any CPU.ActiveCfg = Android|Any CPU
		{268D43AD-E77A-4A1D-BECC-E5D46D533B71}.Android|Mixed Platforms.ActiveCfg = Android|Any CPU
		{268D43AD-E77A-4A1D-BECC-E5D46D533B71}.Android|x86.ActiveCfg = Android|Any CPU
		{268D43AD-E77A-4A1D-BECC-E5D46D533B71}.Android|Xbox 360.ActiveCfg = Android|Any CPU
		{268D43AD-E77A-4A1D-BECC-E5D46D533B71}.Android|Zune.ActiveCfg = Android|Any CPU
		{268D43AD-E77A-4A1D-BECC-E5D46D533B71}.Debug|Any CPU.ActiveCfg = PSM|Any CPU
		{268D43AD-E77A-4A1D-BECC-E5D46D533B71}.Debug|Mixed Platforms.ActiveCfg = PSM|Any CPU
		{268D43AD-E77A-4A1D-BECC-E5D46D533B71}.Debug|x86.ActiveCfg = PSM|Any CPU
		{268D43AD-E77A-4A1D-BECC-E5D46D533B71}.Debug|Xbox 360.ActiveCfg = PSM|Any CPU
		{268D43AD-E77A-4A1D-BECC-E5D46D533B71}.Debug|Zune.ActiveCfg = PSM|Any CPU
		{268D43AD-E77A-4A1D-BECC-E5D46D533B71}.iOS|Any CPU.ActiveCfg = iOS|Any CPU
		{268D43AD-E77A-4A1D-BECC-E5D46D533B71}.iOS|Mixed Platforms.ActiveCfg = iOS|Any CPU
		{268D43AD-E77A-4A1D-BECC-E5D46D533B71}.iOS|x86.ActiveCfg = iOS|Any CPU
		{268D43AD-E77A-4A1D-BECC-E5D46D533B71}.iOS|Xbox 360.ActiveCfg = iOS|Any CPU
		{268D43AD-E77A-4A1D-BECC-E5D46D533B71}.iOS|Zune.ActiveCfg = iOS|Any CPU
		{268D43AD-E77A-4A1D-BECC-E5D46D533B71}.Linux|Any CPU.ActiveCfg = Linux|Any CPU
		{268D43AD-E77A-4A1D-BECC-E5D46D533B71}.Linux|Mixed Platforms.ActiveCfg = Linux|Any CPU
		{268D43AD-E77A-4A1D-BECC-E5D46D533B71}.Linux|x86.ActiveCfg = Linux|Any CPU
		{268D43AD-E77A-4A1D-BECC-E5D46D533B71}.Linux|Xbox 360.ActiveCfg = Linux|Any CPU
		{268D43AD-E77A-4A1D-BECC-E5D46D533B71}.Linux|Zune.ActiveCfg = Linux|Any CPU
		{268D43AD-E77A-4A1D-BECC-E5D46D533B71}.OSX|Any CPU.ActiveCfg = OSX|Any CPU
		{268D43AD-E77A-4A1D-BECC-E5D46D533B71}.OSX|Mixed Platforms.ActiveCfg = OSX|Any CPU
		{268D43AD-E77A-4A1D-BECC-E5D46D533B71}.OSX|x86.ActiveCfg = OSX|Any CPU
		{268D43AD-E77A-4A1D-BECC-E5D46D533B71}.OSX|Xbox 360.ActiveCfg = OSX|Any CPU
		{268D43AD-E77A-4A1D-BECC-E5D46D533B71}.OSX|Zune.ActiveCfg = OSX|Any CPU
		{268D43AD-E77A-4A1D-BECC-E5D46D533B71}.PSM|Any CPU.ActiveCfg = PSM|Any CPU
		{268D43AD-E77A-4A1D-BECC-E5D46D533B71}.PSM|Mixed Platforms.ActiveCfg = PSM|Any CPU
		{268D43AD-E77A-4A1D-BECC-E5D46D533B71}.PSM|x86.ActiveCfg = PSM|Any CPU
		{268D43AD-E77A-4A1D-BECC-E5D46D533B71}.PSM|Xbox 360.ActiveCfg = PSM|Any CPU
		{268D43AD-E77A-4A1D-BECC-E5D46D533B71}.PSM|Zune.ActiveCfg = PSM|Any CPU
		{268D43AD-E77A-4A1D-BECC-E5D46D533B71}.Release|Any CPU.ActiveCfg = PSM|Any CPU
		{268D43AD-E77A-4A1D-BECC-E5D46D533B71}.Release|Mixed Platforms.ActiveCfg = PSM|Any CPU
		{268D43AD-E77A-4A1D-BECC-E5D46D533B71}.Release|x86.ActiveCfg = PSM|Any CPU
		{268D43AD-E77A-4A1D-BECC-E5D46D533B71}.Release|Xbox 360.ActiveCfg = PSM|Any CPU
		{268D43AD-E77A-4A1D-BECC-E5D46D533B71}.Release|Zune.ActiveCfg = PSM|Any CPU
		{268D43AD-E77A-4A1D-BECC-E5D46D533B71}.Windows|Any CPU.ActiveCfg = Windows|Any CPU
		{268D43AD-E77A-4A1D-BECC-E5D46D533B71}.Windows|Mixed Platforms.ActiveCfg = Windows|Any CPU
		{268D43AD-E77A-4A1D-BECC-E5D46D533B71}.Windows|x86.ActiveCfg = Windows|Any CPU
		{268D43AD-E77A-4A1D-BECC-E5D46D533B71}.Windows|Xbox 360.ActiveCfg = Windows|Any CPU
		{268D43AD-E77A-4A1D-BECC-E5D46D533B71}.Windows|Zune.ActiveCfg = Windows|Any CPU
		{268D43AD-E77A-4A1D-BECC-E5D46D533B71}.Windows8|Any CPU.ActiveCfg = Windows8|Any CPU
		{268D43AD-E77A-4A1D-BECC-E5D46D533B71}.Windows8|Mixed Platforms.ActiveCfg = Windows8|Any CPU
		{268D43AD-E77A-4A1D-BECC-E5D46D533B71}.Windows8|x86.ActiveCfg = Windows8|Any CPU
		{268D43AD-E77A-4A1D-BECC-E5D46D533B71}.Windows8|Xbox 360.ActiveCfg = Windows8|Any CPU
		{268D43AD-E77A-4A1D-BECC-E5D46D533B71}.Windows8|Zune.ActiveCfg = Windows8|Any CPU
	EndGlobalSection
	GlobalSection(SolutionProperties) = preSolution
		HideSolutionNode = FALSE
	EndGlobalSection
EndGlobal
